
Microsoft Visual Studio Solution File, Format Version 12.00
# Visual Studio 15
VisualStudioVersion = 15.0.28307.329
MinimumVisualStudioVersion = 10.0.40219.1
Project("{FAE04EC0-301F-11D3-BF4B-00C04F79EFBC}") = "DevOpsPipeline", "DevOpsPipeline\DevOpsPipeline.csproj", "{F15374CD-61E3-4E01-8FED-1CE6A1667EB2}"
EndProject
Project("{FAE04EC0-301F-11D3-BF4B-00C04F79EFBC}") = "DevOpsPipeline.Tests", "DevOpsPipeline.Tests\DevOpsPipeline.Tests.csproj", "{D35A8D33-5291-43F6-B912-56DB4B207DEE}"
EndProject
Global
	GlobalSection(SolutionConfigurationPlatforms) = preSolution
		Debug|Any CPU = Debug|Any CPU
		Release|Any CPU = Release|Any CPU
	EndGlobalSection
	GlobalSection(ProjectConfigurationPlatforms) = postSolution
		{F15374CD-61E3-4E01-8FED-1CE6A1667EB2}.Debug|Any CPU.ActiveCfg = Debug|Any CPU
		{F15374CD-61E3-4E01-8FED-1CE6A1667EB2}.Debug|Any CPU.Build.0 = Debug|Any CPU
		{F15374CD-61E3-4E01-8FED-1CE6A1667EB2}.Release|Any CPU.ActiveCfg = Release|Any CPU
		{F15374CD-61E3-4E01-8FED-1CE6A1667EB2}.Release|Any CPU.Build.0 = Release|Any CPU
		{D35A8D33-5291-43F6-B912-56DB4B207DEE}.Debug|Any CPU.ActiveCfg = Debug|Any CPU
		{D35A8D33-5291-43F6-B912-56DB4B207DEE}.Debug|Any CPU.Build.0 = Debug|Any CPU
		{D35A8D33-5291-43F6-B912-56DB4B207DEE}.Release|Any CPU.ActiveCfg = Release|Any CPU
		{D35A8D33-5291-43F6-B912-56DB4B207DEE}.Release|Any CPU.Build.0 = Release|Any CPU
	EndGlobalSection
	GlobalSection(SolutionProperties) = preSolution
		HideSolutionNode = FALSE
	EndGlobalSection
	GlobalSection(ExtensibilityGlobals) = postSolution
		SolutionGuid = {26F001A0-B956-4A48-A6A2-F2022EFB269C}
	EndGlobalSection
EndGlobal
